// !$*UTF8*$!
{
	archiveVersion = 1;
	classes = {
	};
	objectVersion = 46;
	objects = {

/* Begin PBXBuildFile section */
		370606D71ED13F18001289C9 /* AppDelegate.swift in Sources */ = {isa = PBXBuildFile; fileRef = 370606D61ED13F18001289C9 /* AppDelegate.swift */; };
		370606D91ED13F18001289C9 /* ViewController.swift in Sources */ = {isa = PBXBuildFile; fileRef = 370606D81ED13F18001289C9 /* ViewController.swift */; };
		370606DC1ED13F18001289C9 /* Main.storyboard in Resources */ = {isa = PBXBuildFile; fileRef = 370606DA1ED13F18001289C9 /* Main.storyboard */; };
		370606DE1ED13F18001289C9 /* Assets.xcassets in Resources */ = {isa = PBXBuildFile; fileRef = 370606DD1ED13F18001289C9 /* Assets.xcassets */; };
		370606E11ED13F18001289C9 /* LaunchScreen.storyboard in Resources */ = {isa = PBXBuildFile; fileRef = 370606DF1ED13F18001289C9 /* LaunchScreen.storyboard */; };
		37239D3C1F1B7EBA00E6B23C /* SettingDurationVC.swift in Sources */ = {isa = PBXBuildFile; fileRef = 37239D3B1F1B7EBA00E6B23C /* SettingDurationVC.swift */; };
		3751AE881F4EF2D50028652A /* JoinViewController.swift in Sources */ = {isa = PBXBuildFile; fileRef = 3751AE871F4EF2D50028652A /* JoinViewController.swift */; };
		3751AE8B1F4F03A90028652A /* ThemeMissionViewController.swift in Sources */ = {isa = PBXBuildFile; fileRef = 3751AE8A1F4F03A90028652A /* ThemeMissionViewController.swift */; };
		3751AE8D1F4F03C40028652A /* MissionViewController.swift in Sources */ = {isa = PBXBuildFile; fileRef = 3751AE8C1F4F03C40028652A /* MissionViewController.swift */; };
		3751AE8F1F4FFE170028652A /* MissionCompleteViewController.swift in Sources */ = {isa = PBXBuildFile; fileRef = 3751AE8E1F4FFE170028652A /* MissionCompleteViewController.swift */; };
		3751AE911F5139AC0028652A /* Base_Mission.swift in Sources */ = {isa = PBXBuildFile; fileRef = 3751AE901F5139AC0028652A /* Base_Mission.swift */; };
		3751AE931F51A63A0028652A /* CompletedViewController.swift in Sources */ = {isa = PBXBuildFile; fileRef = 3751AE921F51A63A0028652A /* CompletedViewController.swift */; };
		3751AE951F51A8880028652A /* ThemeCompletedViewController.swift in Sources */ = {isa = PBXBuildFile; fileRef = 3751AE941F51A8880028652A /* ThemeCompletedViewController.swift */; };
		3755250F1EFE8FB200994322 /* TabbarVC.swift in Sources */ = {isa = PBXBuildFile; fileRef = 3755250E1EFE8FB200994322 /* TabbarVC.swift */; };
		375525111EFE904800994322 /* Tabbar.swift in Sources */ = {isa = PBXBuildFile; fileRef = 375525101EFE904800994322 /* Tabbar.swift */; };
		378C96261F569E8E0050DE55 /* SearchViewController.swift in Sources */ = {isa = PBXBuildFile; fileRef = 378C96251F569E8E0050DE55 /* SearchViewController.swift */; };
		37B9AFEF1F1A2B3400DFF4D8 /* HomeViewController.swift in Sources */ = {isa = PBXBuildFile; fileRef = 37B9AFEE1F1A2B3400DFF4D8 /* HomeViewController.swift */; };
		37E7E1291F49A3C9004746E6 /* ThemeViewController.swift in Sources */ = {isa = PBXBuildFile; fileRef = 37E7E1281F49A3C9004746E6 /* ThemeViewController.swift */; };
		FA011B85137B7F50693A5F1D /* Pods_Nolza.framework in Frameworks */ = {isa = PBXBuildFile; fileRef = A1380F1DDF43D286F1BDD15C /* Pods_Nolza.framework */; };
/* End PBXBuildFile section */

/* Begin PBXFileReference section */
		07EBDC2409ABAF9685E01957 /* Pods-Nolza.release.xcconfig */ = {isa = PBXFileReference; includeInIndex = 1; lastKnownFileType = text.xcconfig; name = "Pods-Nolza.release.xcconfig"; path = "Pods/Target Support Files/Pods-Nolza/Pods-Nolza.release.xcconfig"; sourceTree = "<group>"; };
		370606D31ED13F18001289C9 /* Nolza.app */ = {isa = PBXFileReference; explicitFileType = wrapper.application; includeInIndex = 0; path = Nolza.app; sourceTree = BUILT_PRODUCTS_DIR; };
		370606D61ED13F18001289C9 /* AppDelegate.swift */ = {isa = PBXFileReference; lastKnownFileType = sourcecode.swift; path = AppDelegate.swift; sourceTree = "<group>"; };
		370606D81ED13F18001289C9 /* ViewController.swift */ = {isa = PBXFileReference; lastKnownFileType = sourcecode.swift; path = ViewController.swift; sourceTree = "<group>"; };
		370606DB1ED13F18001289C9 /* Base */ = {isa = PBXFileReference; lastKnownFileType = file.storyboard; name = Base; path = Base.lproj/Main.storyboard; sourceTree = "<group>"; };
		370606DD1ED13F18001289C9 /* Assets.xcassets */ = {isa = PBXFileReference; lastKnownFileType = folder.assetcatalog; path = Assets.xcassets; sourceTree = "<group>"; };
		370606E01ED13F18001289C9 /* Base */ = {isa = PBXFileReference; lastKnownFileType = file.storyboard; name = Base; path = Base.lproj/LaunchScreen.storyboard; sourceTree = "<group>"; };
		370606E21ED13F18001289C9 /* Info.plist */ = {isa = PBXFileReference; lastKnownFileType = text.plist.xml; path = Info.plist; sourceTree = "<group>"; };
		37239D3B1F1B7EBA00E6B23C /* SettingDurationVC.swift */ = {isa = PBXFileReference; fileEncoding = 4; lastKnownFileType = sourcecode.swift; path = SettingDurationVC.swift; sourceTree = "<group>"; };
		3751AE871F4EF2D50028652A /* JoinViewController.swift */ = {isa = PBXFileReference; fileEncoding = 4; lastKnownFileType = sourcecode.swift; path = JoinViewController.swift; sourceTree = "<group>"; };
		3751AE8A1F4F03A90028652A /* ThemeMissionViewController.swift */ = {isa = PBXFileReference; fileEncoding = 4; lastKnownFileType = sourcecode.swift; path = ThemeMissionViewController.swift; sourceTree = "<group>"; };
		3751AE8C1F4F03C40028652A /* MissionViewController.swift */ = {isa = PBXFileReference; fileEncoding = 4; lastKnownFileType = sourcecode.swift; path = MissionViewController.swift; sourceTree = "<group>"; };
		3751AE8E1F4FFE170028652A /* MissionCompleteViewController.swift */ = {isa = PBXFileReference; fileEncoding = 4; lastKnownFileType = sourcecode.swift; path = MissionCompleteViewController.swift; sourceTree = "<group>"; };
		3751AE901F5139AC0028652A /* Base_Mission.swift */ = {isa = PBXFileReference; fileEncoding = 4; lastKnownFileType = sourcecode.swift; path = Base_Mission.swift; sourceTree = "<group>"; };
		3751AE921F51A63A0028652A /* CompletedViewController.swift */ = {isa = PBXFileReference; fileEncoding = 4; lastKnownFileType = sourcecode.swift; path = CompletedViewController.swift; sourceTree = "<group>"; };
		3751AE941F51A8880028652A /* ThemeCompletedViewController.swift */ = {isa = PBXFileReference; fileEncoding = 4; lastKnownFileType = sourcecode.swift; path = ThemeCompletedViewController.swift; sourceTree = "<group>"; };
		3755250E1EFE8FB200994322 /* TabbarVC.swift */ = {isa = PBXFileReference; fileEncoding = 4; lastKnownFileType = sourcecode.swift; path = TabbarVC.swift; sourceTree = "<group>"; };
		375525101EFE904800994322 /* Tabbar.swift */ = {isa = PBXFileReference; fileEncoding = 4; lastKnownFileType = sourcecode.swift; path = Tabbar.swift; sourceTree = "<group>"; };
		378C96251F569E8E0050DE55 /* SearchViewController.swift */ = {isa = PBXFileReference; fileEncoding = 4; lastKnownFileType = sourcecode.swift; path = SearchViewController.swift; sourceTree = "<group>"; };
		37B9AFEE1F1A2B3400DFF4D8 /* HomeViewController.swift */ = {isa = PBXFileReference; fileEncoding = 4; lastKnownFileType = sourcecode.swift; path = HomeViewController.swift; sourceTree = "<group>"; };
		37E7E1281F49A3C9004746E6 /* ThemeViewController.swift */ = {isa = PBXFileReference; fileEncoding = 4; lastKnownFileType = sourcecode.swift; path = ThemeViewController.swift; sourceTree = "<group>"; };
		7ED443419796E97BB0CB2E6A /* Pods-Nolza.debug.xcconfig */ = {isa = PBXFileReference; includeInIndex = 1; lastKnownFileType = text.xcconfig; name = "Pods-Nolza.debug.xcconfig"; path = "Pods/Target Support Files/Pods-Nolza/Pods-Nolza.debug.xcconfig"; sourceTree = "<group>"; };
		A1380F1DDF43D286F1BDD15C /* Pods_Nolza.framework */ = {isa = PBXFileReference; explicitFileType = wrapper.framework; includeInIndex = 0; path = Pods_Nolza.framework; sourceTree = BUILT_PRODUCTS_DIR; };
/* End PBXFileReference section */

/* Begin PBXFrameworksBuildPhase section */
		370606D01ED13F18001289C9 /* Frameworks */ = {
			isa = PBXFrameworksBuildPhase;
			buildActionMask = 2147483647;
			files = (
				FA011B85137B7F50693A5F1D /* Pods_Nolza.framework in Frameworks */,
			);
			runOnlyForDeploymentPostprocessing = 0;
		};
/* End PBXFrameworksBuildPhase section */

/* Begin PBXGroup section */
		32A86B419964D1081AC54077 /* Pods */ = {
			isa = PBXGroup;
			children = (
				7ED443419796E97BB0CB2E6A /* Pods-Nolza.debug.xcconfig */,
				07EBDC2409ABAF9685E01957 /* Pods-Nolza.release.xcconfig */,
			);
			name = Pods;
			sourceTree = "<group>";
		};
		370606CA1ED13F18001289C9 = {
			isa = PBXGroup;
			children = (
				370606D51ED13F18001289C9 /* Nolza */,
				370606D41ED13F18001289C9 /* Products */,
				32A86B419964D1081AC54077 /* Pods */,
				B62448C3DB5F460870FC28E2 /* Frameworks */,
			);
			sourceTree = "<group>";
		};
		370606D41ED13F18001289C9 /* Products */ = {
			isa = PBXGroup;
			children = (
				370606D31ED13F18001289C9 /* Nolza.app */,
			);
			name = Products;
			sourceTree = "<group>";
		};
		370606D51ED13F18001289C9 /* Nolza */ = {
			isa = PBXGroup;
			children = (
				378C96241F5698310050DE55 /* MypageTap */,
				378C96231F5698280050DE55 /* CompletedTap */,
				378C96221F56981D0050DE55 /* SearchTap */,
				378C96211F5698120050DE55 /* HomeTap */,
				378C96201F5697C60050DE55 /* Storyboard */,
				3751AE891F4EFF1E0028652A /* Supporting */,
				375525141EFE90FD00994322 /* Login */,
				375525131EFE90F100994322 /* InitialSetting */,
				375525121EFE90D600994322 /* TabbarSetting */,
				370606D81ED13F18001289C9 /* ViewController.swift */,
			);
			path = Nolza;
			sourceTree = "<group>";
		};
		3751AE891F4EFF1E0028652A /* Supporting */ = {
			isa = PBXGroup;
			children = (
				370606DD1ED13F18001289C9 /* Assets.xcassets */,
				370606DF1ED13F18001289C9 /* LaunchScreen.storyboard */,
				370606E21ED13F18001289C9 /* Info.plist */,
				370606D61ED13F18001289C9 /* AppDelegate.swift */,
				3751AE901F5139AC0028652A /* Base_Mission.swift */,
			);
			name = Supporting;
			sourceTree = "<group>";
		};
		375525121EFE90D600994322 /* TabbarSetting */ = {
			isa = PBXGroup;
			children = (
				3755250E1EFE8FB200994322 /* TabbarVC.swift */,
				375525101EFE904800994322 /* Tabbar.swift */,
			);
			name = TabbarSetting;
			sourceTree = "<group>";
		};
		375525131EFE90F100994322 /* InitialSetting */ = {
			isa = PBXGroup;
			children = (
				37239D3B1F1B7EBA00E6B23C /* SettingDurationVC.swift */,
				3751AE871F4EF2D50028652A /* JoinViewController.swift */,
			);
			name = InitialSetting;
			sourceTree = "<group>";
		};
		375525141EFE90FD00994322 /* Login */ = {
			isa = PBXGroup;
			children = (
			);
			name = Login;
			sourceTree = "<group>";
		};
		378C96201F5697C60050DE55 /* Storyboard */ = {
			isa = PBXGroup;
			children = (
				370606DA1ED13F18001289C9 /* Main.storyboard */,
			);
			name = Storyboard;
			sourceTree = "<group>";
		};
		378C96211F5698120050DE55 /* HomeTap */ = {
			isa = PBXGroup;
			children = (
				37B9AFEE1F1A2B3400DFF4D8 /* HomeViewController.swift */,
				37E7E1281F49A3C9004746E6 /* ThemeViewController.swift */,
				3751AE8A1F4F03A90028652A /* ThemeMissionViewController.swift */,
				3751AE8C1F4F03C40028652A /* MissionViewController.swift */,
				3751AE8E1F4FFE170028652A /* MissionCompleteViewController.swift */,
			);
			name = HomeTap;
			sourceTree = "<group>";
		};
		378C96221F56981D0050DE55 /* SearchTap */ = {
			isa = PBXGroup;
			children = (
				378C96251F569E8E0050DE55 /* SearchViewController.swift */,
			);
			name = SearchTap;
			sourceTree = "<group>";
		};
		378C96231F5698280050DE55 /* CompletedTap */ = {
			isa = PBXGroup;
			children = (
				3751AE921F51A63A0028652A /* CompletedViewController.swift */,
				3751AE941F51A8880028652A /* ThemeCompletedViewController.swift */,
			);
			name = CompletedTap;
			sourceTree = "<group>";
		};
		378C96241F5698310050DE55 /* MypageTap */ = {
			isa = PBXGroup;
			children = (
			);
			name = MypageTap;
			sourceTree = "<group>";
		};
		B62448C3DB5F460870FC28E2 /* Frameworks */ = {
			isa = PBXGroup;
			children = (
				A1380F1DDF43D286F1BDD15C /* Pods_Nolza.framework */,
			);
			name = Frameworks;
			sourceTree = "<group>";
		};
/* End PBXGroup section */

/* Begin PBXNativeTarget section */
		370606D21ED13F18001289C9 /* Nolza */ = {
			isa = PBXNativeTarget;
			buildConfigurationList = 370606E51ED13F18001289C9 /* Build configuration list for PBXNativeTarget "Nolza" */;
			buildPhases = (
				D1028ADFCD823F7587EEE454 /* [CP] Check Pods Manifest.lock */,
				370606CF1ED13F18001289C9 /* Sources */,
				370606D01ED13F18001289C9 /* Frameworks */,
				370606D11ED13F18001289C9 /* Resources */,
				84F52B8FE3193AC9B31374B1 /* [CP] Embed Pods Frameworks */,
				CBC706027CFF0ECC2153583C /* [CP] Copy Pods Resources */,
			);
			buildRules = (
			);
			dependencies = (
			);
			name = Nolza;
			productName = Nolza;
			productReference = 370606D31ED13F18001289C9 /* Nolza.app */;
			productType = "com.apple.product-type.application";
		};
/* End PBXNativeTarget section */

/* Begin PBXProject section */
		370606CB1ED13F18001289C9 /* Project object */ = {
			isa = PBXProject;
			attributes = {
				LastSwiftUpdateCheck = 0820;
				LastUpgradeCheck = 0820;
				ORGANIZATIONNAME = jeon;
				TargetAttributes = {
					370606D21ED13F18001289C9 = {
						CreatedOnToolsVersion = 8.2.1;
						DevelopmentTeam = 3DPPXS9XMF;
						ProvisioningStyle = Automatic;
					};
				};
			};
			buildConfigurationList = 370606CE1ED13F18001289C9 /* Build configuration list for PBXProject "Nolza" */;
			compatibilityVersion = "Xcode 3.2";
			developmentRegion = English;
			hasScannedForEncodings = 0;
			knownRegions = (
				en,
				Base,
			);
			mainGroup = 370606CA1ED13F18001289C9;
			productRefGroup = 370606D41ED13F18001289C9 /* Products */;
			projectDirPath = "";
			projectRoot = "";
			targets = (
				370606D21ED13F18001289C9 /* Nolza */,
			);
		};
/* End PBXProject section */

/* Begin PBXResourcesBuildPhase section */
		370606D11ED13F18001289C9 /* Resources */ = {
			isa = PBXResourcesBuildPhase;
			buildActionMask = 2147483647;
			files = (
				370606E11ED13F18001289C9 /* LaunchScreen.storyboard in Resources */,
				370606DE1ED13F18001289C9 /* Assets.xcassets in Resources */,
				370606DC1ED13F18001289C9 /* Main.storyboard in Resources */,
			);
			runOnlyForDeploymentPostprocessing = 0;
		};
/* End PBXResourcesBuildPhase section */

/* Begin PBXShellScriptBuildPhase section */
		84F52B8FE3193AC9B31374B1 /* [CP] Embed Pods Frameworks */ = {
			isa = PBXShellScriptBuildPhase;
			buildActionMask = 2147483647;
			files = (
			);
			inputPaths = (
			);
			name = "[CP] Embed Pods Frameworks";
			outputPaths = (
			);
			runOnlyForDeploymentPostprocessing = 0;
			shellPath = /bin/sh;
			shellScript = "\"${SRCROOT}/Pods/Target Support Files/Pods-Nolza/Pods-Nolza-frameworks.sh\"\n";
			showEnvVarsInLog = 0;
		};
		CBC706027CFF0ECC2153583C /* [CP] Copy Pods Resources */ = {
			isa = PBXShellScriptBuildPhase;
			buildActionMask = 2147483647;
			files = (
			);
			inputPaths = (
			);
			name = "[CP] Copy Pods Resources";
			outputPaths = (
			);
			runOnlyForDeploymentPostprocessing = 0;
			shellPath = /bin/sh;
			shellScript = "\"${SRCROOT}/Pods/Target Support Files/Pods-Nolza/Pods-Nolza-resources.sh\"\n";
			showEnvVarsInLog = 0;
		};
		D1028ADFCD823F7587EEE454 /* [CP] Check Pods Manifest.lock */ = {
			isa = PBXShellScriptBuildPhase;
			buildActionMask = 2147483647;
			files = (
			);
			inputPaths = (
			);
			name = "[CP] Check Pods Manifest.lock";
			outputPaths = (
			);
			runOnlyForDeploymentPostprocessing = 0;
			shellPath = /bin/sh;
			shellScript = "diff \"${PODS_ROOT}/../Podfile.lock\" \"${PODS_ROOT}/Manifest.lock\" > /dev/null\nif [ $? != 0 ] ; then\n    # print error to STDERR\n    echo \"error: The sandbox is not in sync with the Podfile.lock. Run 'pod install' or update your CocoaPods installation.\" >&2\n    exit 1\nfi\n";
			showEnvVarsInLog = 0;
		};
/* End PBXShellScriptBuildPhase section */

/* Begin PBXSourcesBuildPhase section */
		370606CF1ED13F18001289C9 /* Sources */ = {
			isa = PBXSourcesBuildPhase;
			buildActionMask = 2147483647;
			files = (
				378C96261F569E8E0050DE55 /* SearchViewController.swift in Sources */,
				37B9AFEF1F1A2B3400DFF4D8 /* HomeViewController.swift in Sources */,
				370606D91ED13F18001289C9 /* ViewController.swift in Sources */,
				3751AE881F4EF2D50028652A /* JoinViewController.swift in Sources */,
				37E7E1291F49A3C9004746E6 /* ThemeViewController.swift in Sources */,
				37239D3C1F1B7EBA00E6B23C /* SettingDurationVC.swift in Sources */,
				370606D71ED13F18001289C9 /* AppDelegate.swift in Sources */,
				3751AE951F51A8880028652A /* ThemeCompletedViewController.swift in Sources */,
				3751AE8B1F4F03A90028652A /* ThemeMissionViewController.swift in Sources */,
				3751AE931F51A63A0028652A /* CompletedViewController.swift in Sources */,
				3755250F1EFE8FB200994322 /* TabbarVC.swift in Sources */,
				375525111EFE904800994322 /* Tabbar.swift in Sources */,
				3751AE911F5139AC0028652A /* Base_Mission.swift in Sources */,
				3751AE8F1F4FFE170028652A /* MissionCompleteViewController.swift in Sources */,
				3751AE8D1F4F03C40028652A /* MissionViewController.swift in Sources */,
			);
			runOnlyForDeploymentPostprocessing = 0;
		};
/* End PBXSourcesBuildPhase section */

/* Begin PBXVariantGroup section */
		370606DA1ED13F18001289C9 /* Main.storyboard */ = {
			isa = PBXVariantGroup;
			children = (
				370606DB1ED13F18001289C9 /* Base */,
			);
			name = Main.storyboard;
			sourceTree = "<group>";
		};
		370606DF1ED13F18001289C9 /* LaunchScreen.storyboard */ = {
			isa = PBXVariantGroup;
			children = (
				370606E01ED13F18001289C9 /* Base */,
			);
			name = LaunchScreen.storyboard;
			sourceTree = "<group>";
		};
/* End PBXVariantGroup section */

/* Begin XCBuildConfiguration section */
		370606E31ED13F18001289C9 /* Debug */ = {
			isa = XCBuildConfiguration;
			buildSettings = {
				ALWAYS_SEARCH_USER_PATHS = NO;
				CLANG_ANALYZER_NONNULL = YES;
				CLANG_CXX_LANGUAGE_STANDARD = "gnu++0x";
				CLANG_CXX_LIBRARY = "libc++";
				CLANG_ENABLE_MODULES = YES;
				CLANG_ENABLE_OBJC_ARC = YES;
				CLANG_WARN_BOOL_CONVERSION = YES;
				CLANG_WARN_CONSTANT_CONVERSION = YES;
				CLANG_WARN_DIRECT_OBJC_ISA_USAGE = YES_ERROR;
				CLANG_WARN_DOCUMENTATION_COMMENTS = YES;
				CLANG_WARN_EMPTY_BODY = YES;
				CLANG_WARN_ENUM_CONVERSION = YES;
				CLANG_WARN_INFINITE_RECURSION = YES;
				CLANG_WARN_INT_CONVERSION = YES;
				CLANG_WARN_OBJC_ROOT_CLASS = YES_ERROR;
				CLANG_WARN_SUSPICIOUS_MOVE = YES;
				CLANG_WARN_UNREACHABLE_CODE = YES;
				CLANG_WARN__DUPLICATE_METHOD_MATCH = YES;
				"CODE_SIGN_IDENTITY[sdk=iphoneos*]" = "iPhone Developer";
				COPY_PHASE_STRIP = NO;
				DEBUG_INFORMATION_FORMAT = dwarf;
				ENABLE_STRICT_OBJC_MSGSEND = YES;
				ENABLE_TESTABILITY = YES;
				GCC_C_LANGUAGE_STANDARD = gnu99;
				GCC_DYNAMIC_NO_PIC = NO;
				GCC_NO_COMMON_BLOCKS = YES;
				GCC_OPTIMIZATION_LEVEL = 0;
				GCC_PREPROCESSOR_DEFINITIONS = (
					"DEBUG=1",
					"$(inherited)",
				);
				GCC_WARN_64_TO_32_BIT_CONVERSION = YES;
				GCC_WARN_ABOUT_RETURN_TYPE = YES_ERROR;
				GCC_WARN_UNDECLARED_SELECTOR = YES;
				GCC_WARN_UNINITIALIZED_AUTOS = YES_AGGRESSIVE;
				GCC_WARN_UNUSED_FUNCTION = YES;
				GCC_WARN_UNUSED_VARIABLE = YES;
				IPHONEOS_DEPLOYMENT_TARGET = 10.2;
				MTL_ENABLE_DEBUG_INFO = YES;
				ONLY_ACTIVE_ARCH = YES;
				SDKROOT = iphoneos;
				SWIFT_ACTIVE_COMPILATION_CONDITIONS = DEBUG;
				SWIFT_OPTIMIZATION_LEVEL = "-Onone";
			};
			name = Debug;
		};
		370606E41ED13F18001289C9 /* Release */ = {
			isa = XCBuildConfiguration;
			buildSettings = {
				ALWAYS_SEARCH_USER_PATHS = NO;
				CLANG_ANALYZER_NONNULL = YES;
				CLANG_CXX_LANGUAGE_STANDARD = "gnu++0x";
				CLANG_CXX_LIBRARY = "libc++";
				CLANG_ENABLE_MODULES = YES;
				CLANG_ENABLE_OBJC_ARC = YES;
				CLANG_WARN_BOOL_CONVERSION = YES;
				CLANG_WARN_CONSTANT_CONVERSION = YES;
				CLANG_WARN_DIRECT_OBJC_ISA_USAGE = YES_ERROR;
				CLANG_WARN_DOCUMENTATION_COMMENTS = YES;
				CLANG_WARN_EMPTY_BODY = YES;
				CLANG_WARN_ENUM_CONVERSION = YES;
				CLANG_WARN_INFINITE_RECURSION = YES;
				CLANG_WARN_INT_CONVERSION = YES;
				CLANG_WARN_OBJC_ROOT_CLASS = YES_ERROR;
				CLANG_WARN_SUSPICIOUS_MOVE = YES;
				CLANG_WARN_UNREACHABLE_CODE = YES;
				CLANG_WARN__DUPLICATE_METHOD_MATCH = YES;
				"CODE_SIGN_IDENTITY[sdk=iphoneos*]" = "iPhone Developer";
				COPY_PHASE_STRIP = NO;
				DEBUG_INFORMATION_FORMAT = "dwarf-with-dsym";
				ENABLE_NS_ASSERTIONS = NO;
				ENABLE_STRICT_OBJC_MSGSEND = YES;
				GCC_C_LANGUAGE_STANDARD = gnu99;
				GCC_NO_COMMON_BLOCKS = YES;
				GCC_WARN_64_TO_32_BIT_CONVERSION = YES;
				GCC_WARN_ABOUT_RETURN_TYPE = YES_ERROR;
				GCC_WARN_UNDECLARED_SELECTOR = YES;
				GCC_WARN_UNINITIALIZED_AUTOS = YES_AGGRESSIVE;
				GCC_WARN_UNUSED_FUNCTION = YES;
				GCC_WARN_UNUSED_VARIABLE = YES;
				IPHONEOS_DEPLOYMENT_TARGET = 10.2;
				MTL_ENABLE_DEBUG_INFO = NO;
				SDKROOT = iphoneos;
				SWIFT_OPTIMIZATION_LEVEL = "-Owholemodule";
				VALIDATE_PRODUCT = YES;
			};
			name = Release;
		};
		370606E61ED13F18001289C9 /* Debug */ = {
			isa = XCBuildConfiguration;
			baseConfigurationReference = 7ED443419796E97BB0CB2E6A /* Pods-Nolza.debug.xcconfig */;
			buildSettings = {
				ASSETCATALOG_COMPILER_APPICON_NAME = AppIcon;
				DEVELOPMENT_TEAM = 3DPPXS9XMF;
				INFOPLIST_FILE = Nolza/Info.plist;
				LD_RUNPATH_SEARCH_PATHS = "$(inherited) @executable_path/Frameworks";
				PRODUCT_BUNDLE_IDENTIFIER = com.nexters.Nolza;
				PRODUCT_NAME = "$(TARGET_NAME)";
				SWIFT_VERSION = 3.0;
			};
			name = Debug;
		};
		370606E71ED13F18001289C9 /* Release */ = {
			isa = XCBuildConfiguration;
			baseConfigurationReference = 07EBDC2409ABAF9685E01957 /* Pods-Nolza.release.xcconfig */;
			buildSettings = {
				ASSETCATALOG_COMPILER_APPICON_NAME = AppIcon;
				DEVELOPMENT_TEAM = 3DPPXS9XMF;
				INFOPLIST_FILE = Nolza/Info.plist;
				LD_RUNPATH_SEARCH_PATHS = "$(inherited) @executable_path/Frameworks";
				PRODUCT_BUNDLE_IDENTIFIER = com.nexters.Nolza;
				PRODUCT_NAME = "$(TARGET_NAME)";
				SWIFT_VERSION = 3.0;
			};
			name = Release;
		};
/* End XCBuildConfiguration section */

/* Begin XCConfigurationList section */
		370606CE1ED13F18001289C9 /* Build configuration list for PBXProject "Nolza" */ = {
			isa = XCConfigurationList;
			buildConfigurations = (
				370606E31ED13F18001289C9 /* Debug */,
				370606E41ED13F18001289C9 /* Release */,
			);
			defaultConfigurationIsVisible = 0;
			defaultConfigurationName = Release;
		};
		370606E51ED13F18001289C9 /* Build configuration list for PBXNativeTarget "Nolza" */ = {
			isa = XCConfigurationList;
			buildConfigurations = (
				370606E61ED13F18001289C9 /* Debug */,
				370606E71ED13F18001289C9 /* Release */,
			);
			defaultConfigurationIsVisible = 0;
			defaultConfigurationName = Release;
		};
/* End XCConfigurationList section */
	};
	rootObject = 370606CB1ED13F18001289C9 /* Project object */;
}
